
Microsoft Visual Studio Solution File, Format Version 12.00
# Visual Studio Version 18
VisualStudioVersion = 18.1.11312.151
MinimumVisualStudioVersion = 10.0.40219.1
Project("{2150E333-8FDC-42A3-9474-1A3956D46DE8}") = "src", "src", "{827E0CD3-B72D-47B6-A68D-7590B98EB39B}"
EndProject
Project("{FAE04EC0-301F-11D3-BF4B-00C04F79EFBC}") = "ResetYourFuture.Shared", "src\ResetYourFuture.Shared\ResetYourFuture.Shared.csproj", "{CCD2E6E3-E892-4C21-B798-AA4146486799}"
EndProject
Project("{2150E333-8FDC-42A3-9474-1A3956D46DE8}") = "Solution Items", "Solution Items", "{A7386EA5-CB90-47EE-985D-2ADCC5FB4E14}"
EndProject
Project("{FAE04EC0-301F-11D3-BF4B-00C04F79EFBC}") = "ResetYourFuture.Web", "src\ResetYourFuture.Web\ResetYourFuture.Web.csproj", "{E623E5B7-BCD4-4D97-9B53-CA0545820C1B}"
EndProject
Project("{FAE04EC0-301F-11D3-BF4B-00C04F79EFBC}") = "ResetYourFuture.Domain", "src\ResetYourFuture.Domain\ResetYourFuture.Domain.csproj", "{7CC3CF63-4E07-4405-AEBD-A97FABB314DC}"
EndProject
Project("{FAE04EC0-301F-11D3-BF4B-00C04F79EFBC}") = "ResetYourFuture.Application", "src\ResetYourFuture.Application\ResetYourFuture.Application.csproj", "{DCE0F3B7-F1D7-4FA4-B5A3-9503517B29C4}"
EndProject
Project("{FAE04EC0-301F-11D3-BF4B-00C04F79EFBC}") = "ResetYourFuture.Infrastructure", "src\ResetYourFuture.Infrastructure\ResetYourFuture.Infrastructure.csproj", "{F01ACC8D-9712-4A22-97B2-E3CD2001DF0B}"
EndProject
Project("{2150E333-8FDC-42A3-9474-1A3956D46DE8}") = "tests", "tests", "{0AB3BF05-4346-4AA6-1389-037BE0695223}"
EndProject
Project("{FAE04EC0-301F-11D3-BF4B-00C04F79EFBC}") = "ResetYourFuture.TestSupport", "tests\ResetYourFuture.TestSupport\ResetYourFuture.TestSupport.csproj", "{794B6BA3-20A4-4E9A-AC40-BA95836A0070}"
EndProject
Project("{FAE04EC0-301F-11D3-BF4B-00C04F79EFBC}") = "ResetYourFuture.Domain.Tests", "tests\ResetYourFuture.Domain.Tests\ResetYourFuture.Domain.Tests.csproj", "{92FF6A56-E40E-45BA-A242-BE23454EF5EC}"
EndProject
Project("{FAE04EC0-301F-11D3-BF4B-00C04F79EFBC}") = "ResetYourFuture.Application.Tests", "tests\ResetYourFuture.Application.Tests\ResetYourFuture.Application.Tests.csproj", "{8DA3B0BE-644D-44DB-9932-90352BD6546F}"
EndProject
Project("{FAE04EC0-301F-11D3-BF4B-00C04F79EFBC}") = "ResetYourFuture.Infrastructure.Tests", "tests\ResetYourFuture.Infrastructure.Tests\ResetYourFuture.Infrastructure.Tests.csproj", "{423FA7D2-7DFE-4B62-902C-677F58FB875A}"
EndProject
Project("{FAE04EC0-301F-11D3-BF4B-00C04F79EFBC}") = "ResetYourFuture.Web.Tests", "tests\ResetYourFuture.Web.Tests\ResetYourFuture.Web.Tests.csproj", "{60296044-00FE-4C00-A9EB-CAC4D07F44E5}"
EndProject
Global
	GlobalSection(SolutionConfigurationPlatforms) = preSolution
		Debug|Any CPU = Debug|Any CPU
		Debug|x64 = Debug|x64
		Debug|x86 = Debug|x86
		Release|Any CPU = Release|Any CPU
		Release|x64 = Release|x64
		Release|x86 = Release|x86
	EndGlobalSection
	GlobalSection(ProjectConfigurationPlatforms) = postSolution
		{CCD2E6E3-E892-4C21-B798-AA4146486799}.Debug|Any CPU.ActiveCfg = Debug|Any CPU
		{CCD2E6E3-E892-4C21-B798-AA4146486799}.Debug|Any CPU.Build.0 = Debug|Any CPU
		{CCD2E6E3-E892-4C21-B798-AA4146486799}.Debug|x64.ActiveCfg = Debug|Any CPU
		{CCD2E6E3-E892-4C21-B798-AA4146486799}.Debug|x64.Build.0 = Debug|Any CPU
		{CCD2E6E3-E892-4C21-B798-AA4146486799}.Debug|x86.ActiveCfg = Debug|Any CPU
		{CCD2E6E3-E892-4C21-B798-AA4146486799}.Debug|x86.Build.0 = Debug|Any CPU
		{CCD2E6E3-E892-4C21-B798-AA4146486799}.Release|Any CPU.ActiveCfg = Release|Any CPU
		{CCD2E6E3-E892-4C21-B798-AA4146486799}.Release|Any CPU.Build.0 = Release|Any CPU
		{CCD2E6E3-E892-4C21-B798-AA4146486799}.Release|x64.ActiveCfg = Release|Any CPU
		{CCD2E6E3-E892-4C21-B798-AA4146486799}.Release|x64.Build.0 = Release|Any CPU
		{CCD2E6E3-E892-4C21-B798-AA4146486799}.Release|x86.ActiveCfg = Release|Any CPU
		{CCD2E6E3-E892-4C21-B798-AA4146486799}.Release|x86.Build.0 = Release|Any CPU
		{E623E5B7-BCD4-4D97-9B53-CA0545820C1B}.Debug|Any CPU.ActiveCfg = Debug|Any CPU
		{E623E5B7-BCD4-4D97-9B53-CA0545820C1B}.Debug|Any CPU.Build.0 = Debug|Any CPU
		{E623E5B7-BCD4-4D97-9B53-CA0545820C1B}.Debug|x64.ActiveCfg = Debug|Any CPU
		{E623E5B7-BCD4-4D97-9B53-CA0545820C1B}.Debug|x64.Build.0 = Debug|Any CPU
		{E623E5B7-BCD4-4D97-9B53-CA0545820C1B}.Debug|x86.ActiveCfg = Debug|Any CPU
		{E623E5B7-BCD4-4D97-9B53-CA0545820C1B}.Debug|x86.Build.0 = Debug|Any CPU
		{E623E5B7-BCD4-4D97-9B53-CA0545820C1B}.Release|Any CPU.ActiveCfg = Release|Any CPU
		{E623E5B7-BCD4-4D97-9B53-CA0545820C1B}.Release|Any CPU.Build.0 = Release|Any CPU
		{E623E5B7-BCD4-4D97-9B53-CA0545820C1B}.Release|x64.ActiveCfg = Release|Any CPU
		{E623E5B7-BCD4-4D97-9B53-CA0545820C1B}.Release|x64.Build.0 = Release|Any CPU
		{E623E5B7-BCD4-4D97-9B53-CA0545820C1B}.Release|x86.ActiveCfg = Release|Any CPU
		{E623E5B7-BCD4-4D97-9B53-CA0545820C1B}.Release|x86.Build.0 = Release|Any CPU
		{7CC3CF63-4E07-4405-AEBD-A97FABB314DC}.Debug|Any CPU.ActiveCfg = Debug|Any CPU
		{7CC3CF63-4E07-4405-AEBD-A97FABB314DC}.Debug|Any CPU.Build.0 = Debug|Any CPU
		{7CC3CF63-4E07-4405-AEBD-A97FABB314DC}.Debug|x64.ActiveCfg = Debug|Any CPU
		{7CC3CF63-4E07-4405-AEBD-A97FABB314DC}.Debug|x64.Build.0 = Debug|Any CPU
		{7CC3CF63-4E07-4405-AEBD-A97FABB314DC}.Debug|x86.ActiveCfg = Debug|Any CPU
		{7CC3CF63-4E07-4405-AEBD-A97FABB314DC}.Debug|x86.Build.0 = Debug|Any CPU
		{7CC3CF63-4E07-4405-AEBD-A97FABB314DC}.Release|Any CPU.ActiveCfg = Release|Any CPU
		{7CC3CF63-4E07-4405-AEBD-A97FABB314DC}.Release|Any CPU.Build.0 = Release|Any CPU
		{7CC3CF63-4E07-4405-AEBD-A97FABB314DC}.Release|x64.ActiveCfg = Release|Any CPU
		{7CC3CF63-4E07-4405-AEBD-A97FABB314DC}.Release|x64.Build.0 = Release|Any CPU
		{7CC3CF63-4E07-4405-AEBD-A97FABB314DC}.Release|x86.ActiveCfg = Release|Any CPU
		{7CC3CF63-4E07-4405-AEBD-A97FABB314DC}.Release|x86.Build.0 = Release|Any CPU
		{DCE0F3B7-F1D7-4FA4-B5A3-9503517B29C4}.Debug|Any CPU.ActiveCfg = Debug|Any CPU
		{DCE0F3B7-F1D7-4FA4-B5A3-9503517B29C4}.Debug|Any CPU.Build.0 = Debug|Any CPU
		{DCE0F3B7-F1D7-4FA4-B5A3-9503517B29C4}.Debug|x64.ActiveCfg = Debug|Any CPU
		{DCE0F3B7-F1D7-4FA4-B5A3-9503517B29C4}.Debug|x64.Build.0 = Debug|Any CPU
		{DCE0F3B7-F1D7-4FA4-B5A3-9503517B29C4}.Debug|x86.ActiveCfg = Debug|Any CPU
		{DCE0F3B7-F1D7-4FA4-B5A3-9503517B29C4}.Debug|x86.Build.0 = Debug|Any CPU
		{DCE0F3B7-F1D7-4FA4-B5A3-9503517B29C4}.Release|Any CPU.ActiveCfg = Release|Any CPU
		{DCE0F3B7-F1D7-4FA4-B5A3-9503517B29C4}.Release|Any CPU.Build.0 = Release|Any CPU
		{DCE0F3B7-F1D7-4FA4-B5A3-9503517B29C4}.Release|x64.ActiveCfg = Release|Any CPU
		{DCE0F3B7-F1D7-4FA4-B5A3-9503517B29C4}.Release|x64.Build.0 = Release|Any CPU
		{DCE0F3B7-F1D7-4FA4-B5A3-9503517B29C4}.Release|x86.ActiveCfg = Release|Any CPU
		{DCE0F3B7-F1D7-4FA4-B5A3-9503517B29C4}.Release|x86.Build.0 = Release|Any CPU
		{F01ACC8D-9712-4A22-97B2-E3CD2001DF0B}.Debug|Any CPU.ActiveCfg = Debug|Any CPU
		{F01ACC8D-9712-4A22-97B2-E3CD2001DF0B}.Debug|Any CPU.Build.0 = Debug|Any CPU
		{F01ACC8D-9712-4A22-97B2-E3CD2001DF0B}.Debug|x64.ActiveCfg = Debug|Any CPU
		{F01ACC8D-9712-4A22-97B2-E3CD2001DF0B}.Debug|x64.Build.0 = Debug|Any CPU
		{F01ACC8D-9712-4A22-97B2-E3CD2001DF0B}.Debug|x86.ActiveCfg = Debug|Any CPU
		{F01ACC8D-9712-4A22-97B2-E3CD2001DF0B}.Debug|x86.Build.0 = Debug|Any CPU
		{F01ACC8D-9712-4A22-97B2-E3CD2001DF0B}.Release|Any CPU.ActiveCfg = Release|Any CPU
		{F01ACC8D-9712-4A22-97B2-E3CD2001DF0B}.Release|Any CPU.Build.0 = Release|Any CPU
		{F01ACC8D-9712-4A22-97B2-E3CD2001DF0B}.Release|x64.ActiveCfg = Release|Any CPU
		{F01ACC8D-9712-4A22-97B2-E3CD2001DF0B}.Release|x64.Build.0 = Release|Any CPU
		{F01ACC8D-9712-4A22-97B2-E3CD2001DF0B}.Release|x86.ActiveCfg = Release|Any CPU
		{F01ACC8D-9712-4A22-97B2-E3CD2001DF0B}.Release|x86.Build.0 = Release|Any CPU
		{794B6BA3-20A4-4E9A-AC40-BA95836A0070}.Debug|Any CPU.ActiveCfg = Debug|Any CPU
		{794B6BA3-20A4-4E9A-AC40-BA95836A0070}.Debug|Any CPU.Build.0 = Debug|Any CPU
		{794B6BA3-20A4-4E9A-AC40-BA95836A0070}.Debug|x64.ActiveCfg = Debug|Any CPU
		{794B6BA3-20A4-4E9A-AC40-BA95836A0070}.Debug|x64.Build.0 = Debug|Any CPU
		{794B6BA3-20A4-4E9A-AC40-BA95836A0070}.Debug|x86.ActiveCfg = Debug|Any CPU
		{794B6BA3-20A4-4E9A-AC40-BA95836A0070}.Debug|x86.Build.0 = Debug|Any CPU
		{794B6BA3-20A4-4E9A-AC40-BA95836A0070}.Release|Any CPU.ActiveCfg = Release|Any CPU
		{794B6BA3-20A4-4E9A-AC40-BA95836A0070}.Release|Any CPU.Build.0 = Release|Any CPU
		{794B6BA3-20A4-4E9A-AC40-BA95836A0070}.Release|x64.ActiveCfg = Release|Any CPU
		{794B6BA3-20A4-4E9A-AC40-BA95836A0070}.Release|x64.Build.0 = Release|Any CPU
		{794B6BA3-20A4-4E9A-AC40-BA95836A0070}.Release|x86.ActiveCfg = Release|Any CPU
		{794B6BA3-20A4-4E9A-AC40-BA95836A0070}.Release|x86.Build.0 = Release|Any CPU
		{92FF6A56-E40E-45BA-A242-BE23454EF5EC}.Debug|Any CPU.ActiveCfg = Debug|Any CPU
		{92FF6A56-E40E-45BA-A242-BE23454EF5EC}.Debug|Any CPU.Build.0 = Debug|Any CPU
		{92FF6A56-E40E-45BA-A242-BE23454EF5EC}.Debug|x64.ActiveCfg = Debug|Any CPU
		{92FF6A56-E40E-45BA-A242-BE23454EF5EC}.Debug|x64.Build.0 = Debug|Any CPU
		{92FF6A56-E40E-45BA-A242-BE23454EF5EC}.Debug|x86.ActiveCfg = Debug|Any CPU
		{92FF6A56-E40E-45BA-A242-BE23454EF5EC}.Debug|x86.Build.0 = Debug|Any CPU
		{92FF6A56-E40E-45BA-A242-BE23454EF5EC}.Release|Any CPU.ActiveCfg = Release|Any CPU
		{92FF6A56-E40E-45BA-A242-BE23454EF5EC}.Release|Any CPU.Build.0 = Release|Any CPU
		{92FF6A56-E40E-45BA-A242-BE23454EF5EC}.Release|x64.ActiveCfg = Release|Any CPU
		{92FF6A56-E40E-45BA-A242-BE23454EF5EC}.Release|x64.Build.0 = Release|Any CPU
		{92FF6A56-E40E-45BA-A242-BE23454EF5EC}.Release|x86.ActiveCfg = Release|Any CPU
		{92FF6A56-E40E-45BA-A242-BE23454EF5EC}.Release|x86.Build.0 = Release|Any CPU
		{8DA3B0BE-644D-44DB-9932-90352BD6546F}.Debug|Any CPU.ActiveCfg = Debug|Any CPU
		{8DA3B0BE-644D-44DB-9932-90352BD6546F}.Debug|Any CPU.Build.0 = Debug|Any CPU
		{8DA3B0BE-644D-44DB-9932-90352BD6546F}.Debug|x64.ActiveCfg = Debug|Any CPU
		{8DA3B0BE-644D-44DB-9932-90352BD6546F}.Debug|x64.Build.0 = Debug|Any CPU
		{8DA3B0BE-644D-44DB-9932-90352BD6546F}.Debug|x86.ActiveCfg = Debug|Any CPU
		{8DA3B0BE-644D-44DB-9932-90352BD6546F}.Debug|x86.Build.0 = Debug|Any CPU
		{8DA3B0BE-644D-44DB-9932-90352BD6546F}.Release|Any CPU.ActiveCfg = Release|Any CPU
		{8DA3B0BE-644D-44DB-9932-90352BD6546F}.Release|Any CPU.Build.0 = Release|Any CPU
		{8DA3B0BE-644D-44DB-9932-90352BD6546F}.Release|x64.ActiveCfg = Release|Any CPU
		{8DA3B0BE-644D-44DB-9932-90352BD6546F}.Release|x64.Build.0 = Release|Any CPU
		{8DA3B0BE-644D-44DB-9932-90352BD6546F}.Release|x86.ActiveCfg = Release|Any CPU
		{8DA3B0BE-644D-44DB-9932-90352BD6546F}.Release|x86.Build.0 = Release|Any CPU
		{423FA7D2-7DFE-4B62-902C-677F58FB875A}.Debug|Any CPU.ActiveCfg = Debug|Any CPU
		{423FA7D2-7DFE-4B62-902C-677F58FB875A}.Debug|Any CPU.Build.0 = Debug|Any CPU
		{423FA7D2-7DFE-4B62-902C-677F58FB875A}.Debug|x64.ActiveCfg = Debug|Any CPU
		{423FA7D2-7DFE-4B62-902C-677F58FB875A}.Debug|x64.Build.0 = Debug|Any CPU
		{423FA7D2-7DFE-4B62-902C-677F58FB875A}.Debug|x86.ActiveCfg = Debug|Any CPU
		{423FA7D2-7DFE-4B62-902C-677F58FB875A}.Debug|x86.Build.0 = Debug|Any CPU
		{423FA7D2-7DFE-4B62-902C-677F58FB875A}.Release|Any CPU.ActiveCfg = Release|Any CPU
		{423FA7D2-7DFE-4B62-902C-677F58FB875A}.Release|Any CPU.Build.0 = Release|Any CPU
		{423FA7D2-7DFE-4B62-902C-677F58FB875A}.Release|x64.ActiveCfg = Release|Any CPU
		{423FA7D2-7DFE-4B62-902C-677F58FB875A}.Release|x64.Build.0 = Release|Any CPU
		{423FA7D2-7DFE-4B62-902C-677F58FB875A}.Release|x86.ActiveCfg = Release|Any CPU
		{423FA7D2-7DFE-4B62-902C-677F58FB875A}.Release|x86.Build.0 = Release|Any CPU
		{60296044-00FE-4C00-A9EB-CAC4D07F44E5}.Debug|Any CPU.ActiveCfg = Debug|Any CPU
		{60296044-00FE-4C00-A9EB-CAC4D07F44E5}.Debug|Any CPU.Build.0 = Debug|Any CPU
		{60296044-00FE-4C00-A9EB-CAC4D07F44E5}.Debug|x64.ActiveCfg = Debug|Any CPU
		{60296044-00FE-4C00-A9EB-CAC4D07F44E5}.Debug|x64.Build.0 = Debug|Any CPU
		{60296044-00FE-4C00-A9EB-CAC4D07F44E5}.Debug|x86.ActiveCfg = Debug|Any CPU
		{60296044-00FE-4C00-A9EB-CAC4D07F44E5}.Debug|x86.Build.0 = Debug|Any CPU
		{60296044-00FE-4C00-A9EB-CAC4D07F44E5}.Release|Any CPU.ActiveCfg = Release|Any CPU
		{60296044-00FE-4C00-A9EB-CAC4D07F44E5}.Release|Any CPU.Build.0 = Release|Any CPU
		{60296044-00FE-4C00-A9EB-CAC4D07F44E5}.Release|x64.ActiveCfg = Release|Any CPU
		{60296044-00FE-4C00-A9EB-CAC4D07F44E5}.Release|x64.Build.0 = Release|Any CPU
		{60296044-00FE-4C00-A9EB-CAC4D07F44E5}.Release|x86.ActiveCfg = Release|Any CPU
		{60296044-00FE-4C00-A9EB-CAC4D07F44E5}.Release|x86.Build.0 = Release|Any CPU
	EndGlobalSection
	GlobalSection(SolutionProperties) = preSolution
		HideSolutionNode = FALSE
	EndGlobalSection
	GlobalSection(NestedProjects) = preSolution
		{CCD2E6E3-E892-4C21-B798-AA4146486799} = {827E0CD3-B72D-47B6-A68D-7590B98EB39B}
		{E623E5B7-BCD4-4D97-9B53-CA0545820C1B} = {827E0CD3-B72D-47B6-A68D-7590B98EB39B}
		{7CC3CF63-4E07-4405-AEBD-A97FABB314DC} = {827E0CD3-B72D-47B6-A68D-7590B98EB39B}
		{DCE0F3B7-F1D7-4FA4-B5A3-9503517B29C4} = {827E0CD3-B72D-47B6-A68D-7590B98EB39B}
		{F01ACC8D-9712-4A22-97B2-E3CD2001DF0B} = {827E0CD3-B72D-47B6-A68D-7590B98EB39B}
		{794B6BA3-20A4-4E9A-AC40-BA95836A0070} = {0AB3BF05-4346-4AA6-1389-037BE0695223}
		{92FF6A56-E40E-45BA-A242-BE23454EF5EC} = {0AB3BF05-4346-4AA6-1389-037BE0695223}
		{8DA3B0BE-644D-44DB-9932-90352BD6546F} = {0AB3BF05-4346-4AA6-1389-037BE0695223}
		{423FA7D2-7DFE-4B62-902C-677F58FB875A} = {0AB3BF05-4346-4AA6-1389-037BE0695223}
		{60296044-00FE-4C00-A9EB-CAC4D07F44E5} = {0AB3BF05-4346-4AA6-1389-037BE0695223}
	EndGlobalSection
	GlobalSection(ExtensibilityGlobals) = postSolution
		SolutionGuid = {66C538E5-2DBE-49BE-8081-F6355D879770}
	EndGlobalSection
EndGlobal
